// !$*UTF8*$!
{
	archiveVersion = 1;
	classes = {
	};
	objectVersion = 46;
	objects = {

/* Begin PBXBuildFile section */
		56AA37981E9F7AB1003720BC /* AppDelegate.swift in Sources */ = {isa = PBXBuildFile; fileRef = 56AA37971E9F7AB1003720BC /* AppDelegate.swift */; };
		56AA379A1E9F7AB1003720BC /* ViewController.swift in Sources */ = {isa = PBXBuildFile; fileRef = 56AA37991E9F7AB1003720BC /* ViewController.swift */; };
		56AA379D1E9F7AB1003720BC /* Main.storyboard in Resources */ = {isa = PBXBuildFile; fileRef = 56AA379B1E9F7AB1003720BC /* Main.storyboard */; };
		56AA379F1E9F7AB1003720BC /* Assets.xcassets in Resources */ = {isa = PBXBuildFile; fileRef = 56AA379E1E9F7AB1003720BC /* Assets.xcassets */; };
		56AA37A21E9F7AB1003720BC /* LaunchScreen.storyboard in Resources */ = {isa = PBXBuildFile; fileRef = 56AA37A01E9F7AB1003720BC /* LaunchScreen.storyboard */; };
/* End PBXBuildFile section */

/* Begin PBXFileReference section */
		56AA37941E9F7AB1003720BC /* Demo Repo.app */ = {isa = PBXFileReference; explicitFileType = wrapper.application; includeInIndex = 0; path = "Demo Repo.app"; sourceTree = BUILT_PRODUCTS_DIR; };
		56AA37971E9F7AB1003720BC /* AppDelegate.swift */ = {isa = PBXFileReference; lastKnownFileType = sourcecode.swift; path = AppDelegate.swift; sourceTree = "<group>"; };
		56AA37991E9F7AB1003720BC /* ViewController.swift */ = {isa = PBXFileReference; lastKnownFileType = sourcecode.swift; path = ViewController.swift; sourceTree = "<group>"; };
		56AA379C1E9F7AB1003720BC /* Base */ = {isa = PBXFileReference; lastKnownFileType = file.storyboard; name = Base; path = Base.lproj/Main.storyboard; sourceTree = "<group>"; };
		56AA379E1E9F7AB1003720BC /* Assets.xcassets */ = {isa = PBXFileReference; lastKnownFileType = folder.assetcatalog; path = Assets.xcassets; sourceTree = "<group>"; };
		56AA37A11E9F7AB1003720BC /* Base */ = {isa = PBXFileReference; lastKnownFileType = file.storyboard; name = Base; path = Base.lproj/LaunchScreen.storyboard; sourceTree = "<group>"; };
		56AA37A31E9F7AB1003720BC /* Info.plist */ = {isa = PBXFileReference; lastKnownFileType = text.plist.xml; path = Info.plist; sourceTree = "<group>"; };
/* End PBXFileReference section */

/* Begin PBXFrameworksBuildPhase section */
		56AA37911E9F7AB1003720BC /* Frameworks */ = {
			isa = PBXFrameworksBuildPhase;
			buildActionMask = 2147483647;
			files = (
			);
			runOnlyForDeploymentPostprocessing = 0;
		};
/* End PBXFrameworksBuildPhase section */

/* Begin PBXGroup section */
		56AA378B1E9F7AB1003720BC = {
			isa = PBXGroup;
			children = (
				56AA37961E9F7AB1003720BC /* Demo Repo */,
				56AA37951E9F7AB1003720BC /* Products */,
			);
			sourceTree = "<group>";
		};
		56AA37951E9F7AB1003720BC /* Products */ = {
			isa = PBXGroup;
			children = (
				56AA37941E9F7AB1003720BC /* Demo Repo.app */,
			);
			name = Products;
			sourceTree = "<group>";
		};
		56AA37961E9F7AB1003720BC /* Demo Repo */ = {
			isa = PBXGroup;
			children = (
				56AA37971E9F7AB1003720BC /* AppDelegate.swift */,
				56AA37991E9F7AB1003720BC /* ViewController.swift */,
				56AA379B1E9F7AB1003720BC /* Main.storyboard */,
				56AA379E1E9F7AB1003720BC /* Assets.xcassets */,
				56AA37A01E9F7AB1003720BC /* LaunchScreen.storyboard */,
				56AA37A31E9F7AB1003720BC /* Info.plist */,
			);
			path = "Demo Repo";
			sourceTree = "<group>";
		};
/* End PBXGroup section */

/* Begin PBXNativeTarget section */
		56AA37931E9F7AB1003720BC /* Demo Repo */ = {
			isa = PBXNativeTarget;
			buildConfigurationList = 56AA37A61E9F7AB1003720BC /* Build configuration list for PBXNativeTarget "Demo Repo" */;
			buildPhases = (
				56AA37901E9F7AB1003720BC /* Sources */,
				56AA37911E9F7AB1003720BC /* Frameworks */,
				56AA37921E9F7AB1003720BC /* Resources */,
			);
			buildRules = (
			);
			dependencies = (
			);
			name = "Demo Repo";
			productName = "Demo Repo";
			productReference = 56AA37941E9F7AB1003720BC /* Demo Repo.app */;
			productType = "com.apple.product-type.application";
		};
/* End PBXNativeTarget section */

/* Begin PBXProject section */
		56AA378C1E9F7AB1003720BC /* Project object */ = {
			isa = PBXProject;
			attributes = {
				LastSwiftUpdateCheck = 0820;
				LastUpgradeCheck = 0820;
				ORGANIZATIONNAME = brainstorm;
				TargetAttributes = {
					56AA37931E9F7AB1003720BC = {
						CreatedOnToolsVersion = 8.2.1;
						DevelopmentTeam = 72X8WW9U28;
						ProvisioningStyle = Automatic;
					};
				};
			};
			buildConfigurationList = 56AA378F1E9F7AB1003720BC /* Build configuration list for PBXProject "Demo Repo" */;
			compatibilityVersion = "Xcode 3.2";
			developmentRegion = English;
			hasScannedForEncodings = 0;
			knownRegions = (
				en,
				Base,
			);
			mainGroup = 56AA378B1E9F7AB1003720BC;
			productRefGroup = 56AA37951E9F7AB1003720BC /* Products */;
			projectDirPath = "";
			projectRoot = "";
			targets = (
				56AA37931E9F7AB1003720BC /* Demo Repo */,
			);
		};
/* End PBXProject section */

/* Begin PBXResourcesBuildPhase section */
		56AA37921E9F7AB1003720BC /* Resources */ = {
			isa = PBXResourcesBuildPhase;
			buildActionMask = 2147483647;
			files = (
				56AA37A21E9F7AB1003720BC /* LaunchScreen.storyboard in Resources */,
				56AA379F1E9F7AB1003720BC /* Assets.xcassets in Resources */,
				56AA379D1E9F7AB1003720BC /* Main.storyboard in Resources */,
			);
			runOnlyForDeploymentPostprocessing = 0;
		};
/* End PBXResourcesBuildPhase section */

/* Begin PBXSourcesBuildPhase section */
		56AA37901E9F7AB1003720BC /* Sources */ = {
			isa = PBXSourcesBuildPhase;
			buildActionMask = 2147483647;
			files = (
				56AA379A1E9F7AB1003720BC /* ViewController.swift in Sources */,
				56AA37981E9F7AB1003720BC /* AppDelegate.swift in Sources */,
			);
			runOnlyForDeploymentPostprocessing = 0;
		};
/* End PBXSourcesBuildPhase section */

/* Begin PBXVariantGroup section */
		56AA379B1E9F7AB1003720BC /* Main.storyboard */ = {
			isa = PBXVariantGroup;
			children = (
				56AA379C1E9F7AB1003720BC /* Base */,
			);
			name = Main.storyboard;
			sourceTree = "<group>";
		};
		56AA37A01E9F7AB1003720BC /* LaunchScreen.storyboard */ = {
			isa = PBXVariantGroup;
			children = (
				56AA37A11E9F7AB1003720BC /* Base */,
			);
			name = LaunchScreen.storyboard;
			sourceTree = "<group>";
		};
/* End PBXVariantGroup section */

/* Begin XCBuildConfiguration section */
		56AA37A41E9F7AB1003720BC /* Debug */ = {
			isa = XCBuildConfiguration;
			buildSettings = {
				ALWAYS_SEARCH_USER_PATHS = NO;
				CLANG_ANALYZER_NONNULL = YES;
				CLANG_CXX_LANGUAGE_STANDARD = "gnu++0x";
				CLANG_CXX_LIBRARY = "libc++";
				CLANG_ENABLE_MODULES = YES;
				CLANG_ENABLE_OBJC_ARC = YES;
				CLANG_WARN_BOOL_CONVERSION = YES;
				CLANG_WARN_CONSTANT_CONVERSION = YES;
				CLANG_WARN_DIRECT_OBJC_ISA_USAGE = YES_ERROR;
				CLANG_WARN_DOCUMENTATION_COMMENTS = YES;
				CLANG_WARN_EMPTY_BODY = YES;
				CLANG_WARN_ENUM_CONVERSION = YES;
				CLANG_WARN_INFINITE_RECURSION = YES;
				CLANG_WARN_INT_CONVERSION = YES;
				CLANG_WARN_OBJC_ROOT_CLASS = YES_ERROR;
				CLANG_WARN_SUSPICIOUS_MOVE = YES;
				CLANG_WARN_UNREACHABLE_CODE = YES;
				CLANG_WARN__DUPLICATE_METHOD_MATCH = YES;
				"CODE_SIGN_IDENTITY[sdk=iphoneos*]" = "iPhone Developer";
				COPY_PHASE_STRIP = NO;
				DEBUG_INFORMATION_FORMAT = dwarf;
				ENABLE_STRICT_OBJC_MSGSEND = YES;
				ENABLE_TESTABILITY = YES;
				GCC_C_LANGUAGE_STANDARD = gnu99;
				GCC_DYNAMIC_NO_PIC = NO;
				GCC_NO_COMMON_BLOCKS = YES;
				GCC_OPTIMIZATION_LEVEL = 0;
				GCC_PREPROCESSOR_DEFINITIONS = (
					"DEBUG=1",
					"$(inherited)",
				);
				GCC_WARN_64_TO_32_BIT_CONVERSION = YES;
				GCC_WARN_ABOUT_RETURN_TYPE = YES_ERROR;
				GCC_WARN_UNDECLARED_SELECTOR = YES;
				GCC_WARN_UNINITIALIZED_AUTOS = YES_AGGRESSIVE;
				GCC_WARN_UNUSED_FUNCTION = YES;
				GCC_WARN_UNUSED_VARIABLE = YES;
				IPHONEOS_DEPLOYMENT_TARGET = 10.2;
				MTL_ENABLE_DEBUG_INFO = YES;
				ONLY_ACTIVE_ARCH = YES;
				SDKROOT = iphoneos;
				SWIFT_ACTIVE_COMPILATION_CONDITIONS = DEBUG;
				SWIFT_OPTIMIZATION_LEVEL = "-Onone";
			};
			name = Debug;
		};
		56AA37A51E9F7AB1003720BC /* Release */ = {
			isa = XCBuildConfiguration;
			buildSettings = {
				ALWAYS_SEARCH_USER_PATHS = NO;
				CLANG_ANALYZER_NONNULL = YES;
				CLANG_CXX_LANGUAGE_STANDARD = "gnu++0x";
				CLANG_CXX_LIBRARY = "libc++";
				CLANG_ENABLE_MODULES = YES;
				CLANG_ENABLE_OBJC_ARC = YES;
				CLANG_WARN_BOOL_CONVERSION = YES;
				CLANG_WARN_CONSTANT_CONVERSION = YES;
				CLANG_WARN_DIRECT_OBJC_ISA_USAGE = YES_ERROR;
				CLANG_WARN_DOCUMENTATION_COMMENTS = YES;
				CLANG_WARN_EMPTY_BODY = YES;
				CLANG_WARN_ENUM_CONVERSION = YES;
				CLANG_WARN_INFINITE_RECURSION = YES;
				CLANG_WARN_INT_CONVERSION = YES;
				CLANG_WARN_OBJC_ROOT_CLASS = YES_ERROR;
				CLANG_WARN_SUSPICIOUS_MOVE = YES;
				CLANG_WARN_UNREACHABLE_CODE = YES;
				CLANG_WARN__DUPLICATE_METHOD_MATCH = YES;
				"CODE_SIGN_IDENTITY[sdk=iphoneos*]" = "iPhone Developer";
				COPY_PHASE_STRIP = NO;
				DEBUG_INFORMATION_FORMAT = "dwarf-with-dsym";
				ENABLE_NS_ASSERTIONS = NO;
				ENABLE_STRICT_OBJC_MSGSEND = YES;
				GCC_C_LANGUAGE_STANDARD = gnu99;
				GCC_NO_COMMON_BLOCKS = YES;
				GCC_WARN_64_TO_32_BIT_CONVERSION = YES;
				GCC_WARN_ABOUT_RETURN_TYPE = YES_ERROR;
				GCC_WARN_UNDECLARED_SELECTOR = YES;
				GCC_WARN_UNINITIALIZED_AUTOS = YES_AGGRESSIVE;
				GCC_WARN_UNUSED_FUNCTION = YES;
				GCC_WARN_UNUSED_VARIABLE = YES;
				IPHONEOS_DEPLOYMENT_TARGET = 10.2;
				MTL_ENABLE_DEBUG_INFO = NO;
				SDKROOT = iphoneos;
				SWIFT_OPTIMIZATION_LEVEL = "-Owholemodule";
				VALIDATE_PRODUCT = YES;
			};
			name = Release;
		};
		56AA37A71E9F7AB1003720BC /* Debug */ = {
			isa = XCBuildConfiguration;
			buildSettings = {
				ASSETCATALOG_COMPILER_APPICON_NAME = AppIcon;
				DEVELOPMENT_TEAM = 72X8WW9U28;
				INFOPLIST_FILE = "Demo Repo/Info.plist";
				LD_RUNPATH_SEARCH_PATHS = "$(inherited) @executable_path/Frameworks";
				PRODUCT_BUNDLE_IDENTIFIER = "brainstorm.Demo-Repo";
				PRODUCT_NAME = "$(TARGET_NAME)";
				SWIFT_VERSION = 3.0;
			};
			name = Debug;
		};
		56AA37A81E9F7AB1003720BC /* Release */ = {
			isa = XCBuildConfiguration;
			buildSettings = {
				ASSETCATALOG_COMPILER_APPICON_NAME = AppIcon;
				DEVELOPMENT_TEAM = 72X8WW9U28;
				INFOPLIST_FILE = "Demo Repo/Info.plist";
				LD_RUNPATH_SEARCH_PATHS = "$(inherited) @executable_path/Frameworks";
				PRODUCT_BUNDLE_IDENTIFIER = "brainstorm.Demo-Repo";
				PRODUCT_NAME = "$(TARGET_NAME)";
				SWIFT_VERSION = 3.0;
			};
			name = Release;
		};
/* End XCBuildConfiguration section */

/* Begin XCConfigurationList section */
		56AA378F1E9F7AB1003720BC /* Build configuration list for PBXProject "Demo Repo" */ = {
			isa = XCConfigurationList;
			buildConfigurations = (
				56AA37A41E9F7AB1003720BC /* Debug */,
				56AA37A51E9F7AB1003720BC /* Release */,
			);
			defaultConfigurationIsVisible = 0;
			defaultConfigurationName = Release;
		};
		56AA37A61E9F7AB1003720BC /* Build configuration list for PBXNativeTarget "Demo Repo" */ = {
			isa = XCConfigurationList;
			buildConfigurations = (
				56AA37A71E9F7AB1003720BC /* Debug */,
				56AA37A81E9F7AB1003720BC /* Release */,
			);
			defaultConfigurationIsVisible = 0;
		};
/* End XCConfigurationList section */
	};
	rootObject = 56AA378C1E9F7AB1003720BC /* Project object */;
}
